<?xml version="1.0" encoding="utf-8"?>
<Project ToolsVersion="4.0" xmlns="http://schemas.microsoft.com/developer/msbuild/2003">
  <ItemGroup>
    <ClInclude Include="Application.h">
      <Filter>Header Files</Filter>
    </ClInclude>
    <ClInclude Include="Language.h">
      <Filter>Header Files</Filter>
    </ClInclude>
    <ClInclude Include="Main.h">
      <Filter>Header Files</Filter>
    </ClInclude>
    <ClInclude Include="Menu.h">
      <Filter>Header Files</Filter>
    </ClInclude>
    <ClInclude Include="ObjectsTree.h">
      <Filter>Header Files</Filter>
    </ClInclude>
    <ClInclude Include="PropertyComponent.h">
      <Filter>Header Files</Filter>
    </ClInclude>
    <ClInclude Include="PropertyTexture.h">
      <Filter>Header Files</Filter>
    </ClInclude>
    <ClInclude Include="PropertyTransform.h">
      <Filter>Header Files</Filter>
    </ClInclude>
    <ClInclude Include="Settings.h">
      <Filter>Header Files</Filter>
    </ClInclude>
    <ClInclude Include="Style.h">
      <Filter>Header Files</Filter>
    </ClInclude>
    <ClInclude Include="Experemental\WindowLayouts.h">
      <Filter>Header Files</Filter>
    </ClInclude>
    <ClInclude Include="ProjectMenager.h">
      <Filter>Header Files</Filter>
    </ClInclude>
    <ClInclude Include="PropertyWindow.h">
      <Filter>Header Files</Filter>
    </ClInclude>
    <ClInclude Include="FileExplorer.h">
      <Filter>Header Files</Filter>
    </ClInclude>
    <ClInclude Include="Project.h">
      <Filter>Header Files</Filter>
    </ClInclude>
    <ClInclude Include="PropertyScript.h">
      <Filter>Header Files</Filter>
    </ClInclude>
    <ClInclude Include="PropertyPrimitive.h">
      <Filter>Header Files</Filter>
    </ClInclude>
    <ClInclude Include="PropertyRigidBody.h">
      <Filter>Header Files</Filter>
    </ClInclude>
    <ClInclude Include="Selector.h">
      <Filter>Header Files</Filter>
    </ClInclude>
    <ClInclude Include="PropertySound.h">
      <Filter>Header Files</Filter>
    </ClInclude>
    <ClInclude Include="PropertyModel.h">
      <Filter>Header Files</Filter>
    </ClInclude>
  </ItemGroup>
  <ItemGroup>
    <Filter Include="Header Files">
      <UniqueIdentifier>{f7bc96e5-d587-46e6-8bca-4b7a35af27b5}</UniqueIdentifier>
    </Filter>
    <Filter Include="Source Files">
      <UniqueIdentifier>{a33281cb-5786-4506-ac1e-13f8982a3210}</UniqueIdentifier>
    </Filter>
    <Filter Include="Resource Files">
      <UniqueIdentifier>{99688855-add4-42a0-a404-11e1d2f2aa28}</UniqueIdentifier>
    </Filter>
  </ItemGroup>
  <ItemGroup>
    <ClCompile Include="_Main.cpp">
      <Filter>Source Files</Filter>
    </ClCompile>
    <ClCompile Include="ProjectMenager.cpp">
      <Filter>Source Files</Filter>
    </ClCompile>
  </ItemGroup>
</Project>